# Lockfile v4
# This file is automatically generated by Wapm.
# It is not intended for manual editing. The schema of this file may change.
[modules.wasi-calcit."0.0.1".wasi-calcit]
name = "wasi-calcit"
package_version = "0.0.1"
package_name = "wasi-calcit"
package_path = "wasi-calcit@0.0.1"
resolved = "local"
resolved_source = "local"
abi = "wasi"
source = "builds/wasi-calcit.wasm"
[commands.wcr]
name = "wcr"
package_name = "wasi-calcit"
package_version = "0.0.1"
module = "wasi-calcit"
is_top_level_dependency = true
