# Lockfile v4
# This file is automatically generated by Wapm.
# It is not intended for manual editing. The schema of this file may change.
[modules."calcit/wasi-calcit"."0.0.2".wasi-calcit]
name = "wasi-calcit"
package_version = "0.0.2"
package_name = "calcit/wasi-calcit"
package_path = "calcit/wasi-calcit@0.0.2"
resolved = "local"
resolved_source = "local"
abi = "wasi"
source = "builds/wasi-calcit.wasm"
[commands.wcr]
name = "wcr"
package_name = "calcit/wasi-calcit"
package_version = "0.0.2"
module = "wasi-calcit"
is_top_level_dependency = true
